// !$*UTF8*$!
{
	archiveVersion = 1;
	classes = {
	};
	objectVersion = 50;
	objects = {

/* Begin PBXBuildFile section */
		311B27D978CB7065ED77C707 /* Pods_flix_flixUITests.framework in Frameworks */ = {isa = PBXBuildFile; fileRef = C33F7FB123312FD5FE6789CD /* Pods_flix_flixUITests.framework */; };
		56EF3FB526838F5600F54923 /* AppDelegate.m in Sources */ = {isa = PBXBuildFile; fileRef = 56EF3FB426838F5600F54923 /* AppDelegate.m */; };
		56EF3FB826838F5600F54923 /* SceneDelegate.m in Sources */ = {isa = PBXBuildFile; fileRef = 56EF3FB726838F5600F54923 /* SceneDelegate.m */; };
		56EF3FBE26838F5600F54923 /* Main.storyboard in Resources */ = {isa = PBXBuildFile; fileRef = 56EF3FBC26838F5600F54923 /* Main.storyboard */; };
		56EF3FC026838F5700F54923 /* Assets.xcassets in Resources */ = {isa = PBXBuildFile; fileRef = 56EF3FBF26838F5700F54923 /* Assets.xcassets */; };
		56EF3FC326838F5700F54923 /* LaunchScreen.storyboard in Resources */ = {isa = PBXBuildFile; fileRef = 56EF3FC126838F5700F54923 /* LaunchScreen.storyboard */; };
		56EF3FC626838F5700F54923 /* main.m in Sources */ = {isa = PBXBuildFile; fileRef = 56EF3FC526838F5700F54923 /* main.m */; };
		56EF3FD026838F5700F54923 /* flixTests.m in Sources */ = {isa = PBXBuildFile; fileRef = 56EF3FCF26838F5700F54923 /* flixTests.m */; };
		56EF3FDB26838F5700F54923 /* flixUITests.m in Sources */ = {isa = PBXBuildFile; fileRef = 56EF3FDA26838F5700F54923 /* flixUITests.m */; };
		56EF3FEA2683A04000F54923 /* MoviesViewController.m in Sources */ = {isa = PBXBuildFile; fileRef = 56EF3FE92683A04000F54923 /* MoviesViewController.m */; };
		56EF3FFE2683DF5100F54923 /* MovieCell.m in Sources */ = {isa = PBXBuildFile; fileRef = 56EF3FFD2683DF5100F54923 /* MovieCell.m */; };
		8446DE629366C2130465D1B6 /* Pods_flix.framework in Frameworks */ = {isa = PBXBuildFile; fileRef = 5AA374C50270E7D1300C6974 /* Pods_flix.framework */; };
		99C70D49650CA40CBAA0331E /* Pods_flixTests.framework in Frameworks */ = {isa = PBXBuildFile; fileRef = 224989F185950C0D75177088 /* Pods_flixTests.framework */; };
/* End PBXBuildFile section */

/* Begin PBXContainerItemProxy section */
		56EF3FCC26838F5700F54923 /* PBXContainerItemProxy */ = {
			isa = PBXContainerItemProxy;
			containerPortal = 56EF3FA826838F5600F54923 /* Project object */;
			proxyType = 1;
			remoteGlobalIDString = 56EF3FAF26838F5600F54923;
			remoteInfo = flix;
		};
		56EF3FD726838F5700F54923 /* PBXContainerItemProxy */ = {
			isa = PBXContainerItemProxy;
			containerPortal = 56EF3FA826838F5600F54923 /* Project object */;
			proxyType = 1;
			remoteGlobalIDString = 56EF3FAF26838F5600F54923;
			remoteInfo = flix;
		};
/* End PBXContainerItemProxy section */

/* Begin PBXFileReference section */
		0BBA62DE46E8AC2C7A6BEFDC /* Pods-flixTests.release.xcconfig */ = {isa = PBXFileReference; includeInIndex = 1; lastKnownFileType = text.xcconfig; name = "Pods-flixTests.release.xcconfig"; path = "Target Support Files/Pods-flixTests/Pods-flixTests.release.xcconfig"; sourceTree = "<group>"; };
		0C7EC484023FABAF87ADD9AA /* Pods-flix-flixUITests.debug.xcconfig */ = {isa = PBXFileReference; includeInIndex = 1; lastKnownFileType = text.xcconfig; name = "Pods-flix-flixUITests.debug.xcconfig"; path = "Target Support Files/Pods-flix-flixUITests/Pods-flix-flixUITests.debug.xcconfig"; sourceTree = "<group>"; };
		224989F185950C0D75177088 /* Pods_flixTests.framework */ = {isa = PBXFileReference; explicitFileType = wrapper.framework; includeInIndex = 0; path = Pods_flixTests.framework; sourceTree = BUILT_PRODUCTS_DIR; };
		28A840A28D194DD43AB3C40B /* Pods-flix-flixUITests.release.xcconfig */ = {isa = PBXFileReference; includeInIndex = 1; lastKnownFileType = text.xcconfig; name = "Pods-flix-flixUITests.release.xcconfig"; path = "Target Support Files/Pods-flix-flixUITests/Pods-flix-flixUITests.release.xcconfig"; sourceTree = "<group>"; };
		56EF3FB026838F5600F54923 /* flix.app */ = {isa = PBXFileReference; explicitFileType = wrapper.application; includeInIndex = 0; path = flix.app; sourceTree = BUILT_PRODUCTS_DIR; };
		56EF3FB326838F5600F54923 /* AppDelegate.h */ = {isa = PBXFileReference; lastKnownFileType = sourcecode.c.h; path = AppDelegate.h; sourceTree = "<group>"; };
		56EF3FB426838F5600F54923 /* AppDelegate.m */ = {isa = PBXFileReference; lastKnownFileType = sourcecode.c.objc; path = AppDelegate.m; sourceTree = "<group>"; };
		56EF3FB626838F5600F54923 /* SceneDelegate.h */ = {isa = PBXFileReference; lastKnownFileType = sourcecode.c.h; path = SceneDelegate.h; sourceTree = "<group>"; };
		56EF3FB726838F5600F54923 /* SceneDelegate.m */ = {isa = PBXFileReference; lastKnownFileType = sourcecode.c.objc; path = SceneDelegate.m; sourceTree = "<group>"; };
		56EF3FBD26838F5600F54923 /* Base */ = {isa = PBXFileReference; lastKnownFileType = file.storyboard; name = Base; path = Base.lproj/Main.storyboard; sourceTree = "<group>"; };
		56EF3FBF26838F5700F54923 /* Assets.xcassets */ = {isa = PBXFileReference; lastKnownFileType = folder.assetcatalog; path = Assets.xcassets; sourceTree = "<group>"; };
		56EF3FC226838F5700F54923 /* Base */ = {isa = PBXFileReference; lastKnownFileType = file.storyboard; name = Base; path = Base.lproj/LaunchScreen.storyboard; sourceTree = "<group>"; };
		56EF3FC426838F5700F54923 /* Info.plist */ = {isa = PBXFileReference; lastKnownFileType = text.plist.xml; path = Info.plist; sourceTree = "<group>"; };
		56EF3FC526838F5700F54923 /* main.m */ = {isa = PBXFileReference; lastKnownFileType = sourcecode.c.objc; path = main.m; sourceTree = "<group>"; };
		56EF3FCB26838F5700F54923 /* flixTests.xctest */ = {isa = PBXFileReference; explicitFileType = wrapper.cfbundle; includeInIndex = 0; path = flixTests.xctest; sourceTree = BUILT_PRODUCTS_DIR; };
		56EF3FCF26838F5700F54923 /* flixTests.m */ = {isa = PBXFileReference; lastKnownFileType = sourcecode.c.objc; path = flixTests.m; sourceTree = "<group>"; };
		56EF3FD126838F5700F54923 /* Info.plist */ = {isa = PBXFileReference; lastKnownFileType = text.plist.xml; path = Info.plist; sourceTree = "<group>"; };
		56EF3FD626838F5700F54923 /* flixUITests.xctest */ = {isa = PBXFileReference; explicitFileType = wrapper.cfbundle; includeInIndex = 0; path = flixUITests.xctest; sourceTree = BUILT_PRODUCTS_DIR; };
		56EF3FDA26838F5700F54923 /* flixUITests.m */ = {isa = PBXFileReference; lastKnownFileType = sourcecode.c.objc; path = flixUITests.m; sourceTree = "<group>"; };
		56EF3FDC26838F5700F54923 /* Info.plist */ = {isa = PBXFileReference; lastKnownFileType = text.plist.xml; path = Info.plist; sourceTree = "<group>"; };
		56EF3FE82683A04000F54923 /* MoviesViewController.h */ = {isa = PBXFileReference; lastKnownFileType = sourcecode.c.h; path = MoviesViewController.h; sourceTree = "<group>"; };
		56EF3FE92683A04000F54923 /* MoviesViewController.m */ = {isa = PBXFileReference; lastKnownFileType = sourcecode.c.objc; path = MoviesViewController.m; sourceTree = "<group>"; };
		56EF3FFC2683DF5100F54923 /* MovieCell.h */ = {isa = PBXFileReference; lastKnownFileType = sourcecode.c.h; path = MovieCell.h; sourceTree = "<group>"; };
		56EF3FFD2683DF5100F54923 /* MovieCell.m */ = {isa = PBXFileReference; lastKnownFileType = sourcecode.c.objc; path = MovieCell.m; sourceTree = "<group>"; };
		582E39EB161AFD93383DE2E8 /* Pods-flixTests.debug.xcconfig */ = {isa = PBXFileReference; includeInIndex = 1; lastKnownFileType = text.xcconfig; name = "Pods-flixTests.debug.xcconfig"; path = "Target Support Files/Pods-flixTests/Pods-flixTests.debug.xcconfig"; sourceTree = "<group>"; };
		5AA374C50270E7D1300C6974 /* Pods_flix.framework */ = {isa = PBXFileReference; explicitFileType = wrapper.framework; includeInIndex = 0; path = Pods_flix.framework; sourceTree = BUILT_PRODUCTS_DIR; };
		B26CCBFB3CEC10E11ED812A9 /* Pods-flix.debug.xcconfig */ = {isa = PBXFileReference; includeInIndex = 1; lastKnownFileType = text.xcconfig; name = "Pods-flix.debug.xcconfig"; path = "Target Support Files/Pods-flix/Pods-flix.debug.xcconfig"; sourceTree = "<group>"; };
		C33F7FB123312FD5FE6789CD /* Pods_flix_flixUITests.framework */ = {isa = PBXFileReference; explicitFileType = wrapper.framework; includeInIndex = 0; path = Pods_flix_flixUITests.framework; sourceTree = BUILT_PRODUCTS_DIR; };
		F642706F99EC1EC6978467BB /* Pods-flix.release.xcconfig */ = {isa = PBXFileReference; includeInIndex = 1; lastKnownFileType = text.xcconfig; name = "Pods-flix.release.xcconfig"; path = "Target Support Files/Pods-flix/Pods-flix.release.xcconfig"; sourceTree = "<group>"; };
/* End PBXFileReference section */

/* Begin PBXFrameworksBuildPhase section */
		56EF3FAD26838F5600F54923 /* Frameworks */ = {
			isa = PBXFrameworksBuildPhase;
			buildActionMask = 2147483647;
			files = (
				8446DE629366C2130465D1B6 /* Pods_flix.framework in Frameworks */,
			);
			runOnlyForDeploymentPostprocessing = 0;
		};
		56EF3FC826838F5700F54923 /* Frameworks */ = {
			isa = PBXFrameworksBuildPhase;
			buildActionMask = 2147483647;
			files = (
				99C70D49650CA40CBAA0331E /* Pods_flixTests.framework in Frameworks */,
			);
			runOnlyForDeploymentPostprocessing = 0;
		};
		56EF3FD326838F5700F54923 /* Frameworks */ = {
			isa = PBXFrameworksBuildPhase;
			buildActionMask = 2147483647;
			files = (
				311B27D978CB7065ED77C707 /* Pods_flix_flixUITests.framework in Frameworks */,
			);
			runOnlyForDeploymentPostprocessing = 0;
		};
/* End PBXFrameworksBuildPhase section */

/* Begin PBXGroup section */
		56EF3FA726838F5600F54923 = {
			isa = PBXGroup;
			children = (
				56EF3FB226838F5600F54923 /* flix */,
				56EF3FCE26838F5700F54923 /* flixTests */,
				56EF3FD926838F5700F54923 /* flixUITests */,
				56EF3FB126838F5600F54923 /* Products */,
				B60B46BF038EFCA1D5AAC026 /* Pods */,
				AD610D65CE1A089106788DC3 /* Frameworks */,
			);
			sourceTree = "<group>";
		};
		56EF3FB126838F5600F54923 /* Products */ = {
			isa = PBXGroup;
			children = (
				56EF3FB026838F5600F54923 /* flix.app */,
				56EF3FCB26838F5700F54923 /* flixTests.xctest */,
				56EF3FD626838F5700F54923 /* flixUITests.xctest */,
			);
			name = Products;
			sourceTree = "<group>";
		};
		56EF3FB226838F5600F54923 /* flix */ = {
			isa = PBXGroup;
			children = (
				56EF3FED2683A13200F54923 /* View Controllers */,
				56EF3FEC2683A10A00F54923 /* Models */,
				56EF3FB326838F5600F54923 /* AppDelegate.h */,
				56EF3FB426838F5600F54923 /* AppDelegate.m */,
				56EF3FB626838F5600F54923 /* SceneDelegate.h */,
				56EF3FB726838F5600F54923 /* SceneDelegate.m */,
				56EF3FBC26838F5600F54923 /* Main.storyboard */,
				56EF3FFC2683DF5100F54923 /* MovieCell.h */,
				56EF3FFD2683DF5100F54923 /* MovieCell.m */,
				56EF3FBF26838F5700F54923 /* Assets.xcassets */,
				56EF3FC126838F5700F54923 /* LaunchScreen.storyboard */,
				56EF3FC426838F5700F54923 /* Info.plist */,
				56EF3FC526838F5700F54923 /* main.m */,
			);
			path = flix;
			sourceTree = "<group>";
		};
		56EF3FCE26838F5700F54923 /* flixTests */ = {
			isa = PBXGroup;
			children = (
				56EF3FCF26838F5700F54923 /* flixTests.m */,
				56EF3FD126838F5700F54923 /* Info.plist */,
			);
			path = flixTests;
			sourceTree = "<group>";
		};
		56EF3FD926838F5700F54923 /* flixUITests */ = {
			isa = PBXGroup;
			children = (
				56EF3FDA26838F5700F54923 /* flixUITests.m */,
				56EF3FDC26838F5700F54923 /* Info.plist */,
			);
			path = flixUITests;
			sourceTree = "<group>";
		};
		56EF3FEC2683A10A00F54923 /* Models */ = {
			isa = PBXGroup;
			children = (
			);
			path = Models;
			sourceTree = "<group>";
		};
		56EF3FED2683A13200F54923 /* View Controllers */ = {
			isa = PBXGroup;
			children = (
				56EF3FE82683A04000F54923 /* MoviesViewController.h */,
				56EF3FE92683A04000F54923 /* MoviesViewController.m */,
			);
			path = "View Controllers";
			sourceTree = "<group>";
		};
		AD610D65CE1A089106788DC3 /* Frameworks */ = {
			isa = PBXGroup;
			children = (
				5AA374C50270E7D1300C6974 /* Pods_flix.framework */,
				C33F7FB123312FD5FE6789CD /* Pods_flix_flixUITests.framework */,
				224989F185950C0D75177088 /* Pods_flixTests.framework */,
			);
			name = Frameworks;
			sourceTree = "<group>";
		};
		B60B46BF038EFCA1D5AAC026 /* Pods */ = {
			isa = PBXGroup;
			children = (
				B26CCBFB3CEC10E11ED812A9 /* Pods-flix.debug.xcconfig */,
				F642706F99EC1EC6978467BB /* Pods-flix.release.xcconfig */,
				0C7EC484023FABAF87ADD9AA /* Pods-flix-flixUITests.debug.xcconfig */,
				28A840A28D194DD43AB3C40B /* Pods-flix-flixUITests.release.xcconfig */,
				582E39EB161AFD93383DE2E8 /* Pods-flixTests.debug.xcconfig */,
				0BBA62DE46E8AC2C7A6BEFDC /* Pods-flixTests.release.xcconfig */,
			);
			name = Pods;
			path = Pods;
			sourceTree = "<group>";
		};
/* End PBXGroup section */

/* Begin PBXNativeTarget section */
		56EF3FAF26838F5600F54923 /* flix */ = {
			isa = PBXNativeTarget;
			buildConfigurationList = 56EF3FDF26838F5800F54923 /* Build configuration list for PBXNativeTarget "flix" */;
			buildPhases = (
				058E7A3FB7FDDA1E132ABED1 /* [CP] Check Pods Manifest.lock */,
				56EF3FAC26838F5600F54923 /* Sources */,
				56EF3FAD26838F5600F54923 /* Frameworks */,
				56EF3FAE26838F5600F54923 /* Resources */,
				9D87716EE4096C120A32B794 /* [CP] Embed Pods Frameworks */,
			);
			buildRules = (
			);
			dependencies = (
			);
			name = flix;
			productName = flix;
			productReference = 56EF3FB026838F5600F54923 /* flix.app */;
			productType = "com.apple.product-type.application";
		};
		56EF3FCA26838F5700F54923 /* flixTests */ = {
			isa = PBXNativeTarget;
			buildConfigurationList = 56EF3FE226838F5800F54923 /* Build configuration list for PBXNativeTarget "flixTests" */;
			buildPhases = (
				3887963D212AF3DABD47879B /* [CP] Check Pods Manifest.lock */,
				56EF3FC726838F5700F54923 /* Sources */,
				56EF3FC826838F5700F54923 /* Frameworks */,
				56EF3FC926838F5700F54923 /* Resources */,
			);
			buildRules = (
			);
			dependencies = (
				56EF3FCD26838F5700F54923 /* PBXTargetDependency */,
			);
			name = flixTests;
			productName = flixTests;
			productReference = 56EF3FCB26838F5700F54923 /* flixTests.xctest */;
			productType = "com.apple.product-type.bundle.unit-test";
		};
		56EF3FD526838F5700F54923 /* flixUITests */ = {
			isa = PBXNativeTarget;
			buildConfigurationList = 56EF3FE526838F5800F54923 /* Build configuration list for PBXNativeTarget "flixUITests" */;
			buildPhases = (
				25C896B9160A4CF9201B6027 /* [CP] Check Pods Manifest.lock */,
				56EF3FD226838F5700F54923 /* Sources */,
				56EF3FD326838F5700F54923 /* Frameworks */,
				56EF3FD426838F5700F54923 /* Resources */,
				8CBAF2C776219CC8BDDA6DF3 /* [CP] Embed Pods Frameworks */,
			);
			buildRules = (
			);
			dependencies = (
				56EF3FD826838F5700F54923 /* PBXTargetDependency */,
			);
			name = flixUITests;
			productName = flixUITests;
			productReference = 56EF3FD626838F5700F54923 /* flixUITests.xctest */;
			productType = "com.apple.product-type.bundle.ui-testing";
		};
/* End PBXNativeTarget section */

/* Begin PBXProject section */
		56EF3FA826838F5600F54923 /* Project object */ = {
			isa = PBXProject;
			attributes = {
				LastUpgradeCheck = 1250;
				TargetAttributes = {
					56EF3FAF26838F5600F54923 = {
						CreatedOnToolsVersion = 12.5.1;
					};
					56EF3FCA26838F5700F54923 = {
						CreatedOnToolsVersion = 12.5.1;
						TestTargetID = 56EF3FAF26838F5600F54923;
					};
					56EF3FD526838F5700F54923 = {
						CreatedOnToolsVersion = 12.5.1;
						TestTargetID = 56EF3FAF26838F5600F54923;
					};
				};
			};
			buildConfigurationList = 56EF3FAB26838F5600F54923 /* Build configuration list for PBXProject "flix" */;
			compatibilityVersion = "Xcode 9.3";
			developmentRegion = en;
			hasScannedForEncodings = 0;
			knownRegions = (
				en,
				Base,
			);
			mainGroup = 56EF3FA726838F5600F54923;
			productRefGroup = 56EF3FB126838F5600F54923 /* Products */;
			projectDirPath = "";
			projectRoot = "";
			targets = (
				56EF3FAF26838F5600F54923 /* flix */,
				56EF3FCA26838F5700F54923 /* flixTests */,
				56EF3FD526838F5700F54923 /* flixUITests */,
			);
		};
/* End PBXProject section */

/* Begin PBXResourcesBuildPhase section */
		56EF3FAE26838F5600F54923 /* Resources */ = {
			isa = PBXResourcesBuildPhase;
			buildActionMask = 2147483647;
			files = (
				56EF3FC326838F5700F54923 /* LaunchScreen.storyboard in Resources */,
				56EF3FC026838F5700F54923 /* Assets.xcassets in Resources */,
				56EF3FBE26838F5600F54923 /* Main.storyboard in Resources */,
			);
			runOnlyForDeploymentPostprocessing = 0;
		};
		56EF3FC926838F5700F54923 /* Resources */ = {
			isa = PBXResourcesBuildPhase;
			buildActionMask = 2147483647;
			files = (
			);
			runOnlyForDeploymentPostprocessing = 0;
		};
		56EF3FD426838F5700F54923 /* Resources */ = {
			isa = PBXResourcesBuildPhase;
			buildActionMask = 2147483647;
			files = (
			);
			runOnlyForDeploymentPostprocessing = 0;
		};
/* End PBXResourcesBuildPhase section */

/* Begin PBXShellScriptBuildPhase section */
		058E7A3FB7FDDA1E132ABED1 /* [CP] Check Pods Manifest.lock */ = {
			isa = PBXShellScriptBuildPhase;
			buildActionMask = 2147483647;
			files = (
			);
			inputFileListPaths = (
			);
			inputPaths = (
				"${PODS_PODFILE_DIR_PATH}/Podfile.lock",
				"${PODS_ROOT}/Manifest.lock",
			);
			name = "[CP] Check Pods Manifest.lock";
			outputFileListPaths = (
			);
			outputPaths = (
				"$(DERIVED_FILE_DIR)/Pods-flix-checkManifestLockResult.txt",
			);
			runOnlyForDeploymentPostprocessing = 0;
			shellPath = /bin/sh;
			shellScript = "diff \"${PODS_PODFILE_DIR_PATH}/Podfile.lock\" \"${PODS_ROOT}/Manifest.lock\" > /dev/null\nif [ $? != 0 ] ; then\n    # print error to STDERR\n    echo \"error: The sandbox is not in sync with the Podfile.lock. Run 'pod install' or update your CocoaPods installation.\" >&2\n    exit 1\nfi\n# This output is used by Xcode 'outputs' to avoid re-running this script phase.\necho \"SUCCESS\" > \"${SCRIPT_OUTPUT_FILE_0}\"\n";
			showEnvVarsInLog = 0;
		};
		25C896B9160A4CF9201B6027 /* [CP] Check Pods Manifest.lock */ = {
			isa = PBXShellScriptBuildPhase;
			buildActionMask = 2147483647;
			files = (
			);
			inputFileListPaths = (
			);
			inputPaths = (
				"${PODS_PODFILE_DIR_PATH}/Podfile.lock",
				"${PODS_ROOT}/Manifest.lock",
			);
			name = "[CP] Check Pods Manifest.lock";
			outputFileListPaths = (
			);
			outputPaths = (
				"$(DERIVED_FILE_DIR)/Pods-flix-flixUITests-checkManifestLockResult.txt",
			);
			runOnlyForDeploymentPostprocessing = 0;
			shellPath = /bin/sh;
			shellScript = "diff \"${PODS_PODFILE_DIR_PATH}/Podfile.lock\" \"${PODS_ROOT}/Manifest.lock\" > /dev/null\nif [ $? != 0 ] ; then\n    # print error to STDERR\n    echo \"error: The sandbox is not in sync with the Podfile.lock. Run 'pod install' or update your CocoaPods installation.\" >&2\n    exit 1\nfi\n# This output is used by Xcode 'outputs' to avoid re-running this script phase.\necho \"SUCCESS\" > \"${SCRIPT_OUTPUT_FILE_0}\"\n";
			showEnvVarsInLog = 0;
		};
		3887963D212AF3DABD47879B /* [CP] Check Pods Manifest.lock */ = {
			isa = PBXShellScriptBuildPhase;
			buildActionMask = 2147483647;
			files = (
			);
			inputFileListPaths = (
			);
			inputPaths = (
				"${PODS_PODFILE_DIR_PATH}/Podfile.lock",
				"${PODS_ROOT}/Manifest.lock",
			);
			name = "[CP] Check Pods Manifest.lock";
			outputFileListPaths = (
			);
			outputPaths = (
				"$(DERIVED_FILE_DIR)/Pods-flixTests-checkManifestLockResult.txt",
			);
			runOnlyForDeploymentPostprocessing = 0;
			shellPath = /bin/sh;
			shellScript = "diff \"${PODS_PODFILE_DIR_PATH}/Podfile.lock\" \"${PODS_ROOT}/Manifest.lock\" > /dev/null\nif [ $? != 0 ] ; then\n    # print error to STDERR\n    echo \"error: The sandbox is not in sync with the Podfile.lock. Run 'pod install' or update your CocoaPods installation.\" >&2\n    exit 1\nfi\n# This output is used by Xcode 'outputs' to avoid re-running this script phase.\necho \"SUCCESS\" > \"${SCRIPT_OUTPUT_FILE_0}\"\n";
			showEnvVarsInLog = 0;
		};
		8CBAF2C776219CC8BDDA6DF3 /* [CP] Embed Pods Frameworks */ = {
			isa = PBXShellScriptBuildPhase;
			buildActionMask = 2147483647;
			files = (
			);
			inputFileListPaths = (
				"${PODS_ROOT}/Target Support Files/Pods-flix-flixUITests/Pods-flix-flixUITests-frameworks-${CONFIGURATION}-input-files.xcfilelist",
			);
			name = "[CP] Embed Pods Frameworks";
			outputFileListPaths = (
				"${PODS_ROOT}/Target Support Files/Pods-flix-flixUITests/Pods-flix-flixUITests-frameworks-${CONFIGURATION}-output-files.xcfilelist",
			);
			runOnlyForDeploymentPostprocessing = 0;
			shellPath = /bin/sh;
			shellScript = "\"${PODS_ROOT}/Target Support Files/Pods-flix-flixUITests/Pods-flix-flixUITests-frameworks.sh\"\n";
			showEnvVarsInLog = 0;
		};
		9D87716EE4096C120A32B794 /* [CP] Embed Pods Frameworks */ = {
			isa = PBXShellScriptBuildPhase;
			buildActionMask = 2147483647;
			files = (
			);
			inputFileListPaths = (
				"${PODS_ROOT}/Target Support Files/Pods-flix/Pods-flix-frameworks-${CONFIGURATION}-input-files.xcfilelist",
			);
			name = "[CP] Embed Pods Frameworks";
			outputFileListPaths = (
				"${PODS_ROOT}/Target Support Files/Pods-flix/Pods-flix-frameworks-${CONFIGURATION}-output-files.xcfilelist",
			);
			runOnlyForDeploymentPostprocessing = 0;
			shellPath = /bin/sh;
			shellScript = "\"${PODS_ROOT}/Target Support Files/Pods-flix/Pods-flix-frameworks.sh\"\n";
			showEnvVarsInLog = 0;
		};
/* End PBXShellScriptBuildPhase section */

/* Begin PBXSourcesBuildPhase section */
		56EF3FAC26838F5600F54923 /* Sources */ = {
			isa = PBXSourcesBuildPhase;
			buildActionMask = 2147483647;
			files = (
				56EF3FB526838F5600F54923 /* AppDelegate.m in Sources */,
				56EF3FFE2683DF5100F54923 /* MovieCell.m in Sources */,
				56EF3FEA2683A04000F54923 /* MoviesViewController.m in Sources */,
				56EF3FC626838F5700F54923 /* main.m in Sources */,
				56EF3FB826838F5600F54923 /* SceneDelegate.m in Sources */,
			);
			runOnlyForDeploymentPostprocessing = 0;
		};
		56EF3FC726838F5700F54923 /* Sources */ = {
			isa = PBXSourcesBuildPhase;
			buildActionMask = 2147483647;
			files = (
				56EF3FD026838F5700F54923 /* flixTests.m in Sources */,
			);
			runOnlyForDeploymentPostprocessing = 0;
		};
		56EF3FD226838F5700F54923 /* Sources */ = {
			isa = PBXSourcesBuildPhase;
			buildActionMask = 2147483647;
			files = (
				56EF3FDB26838F5700F54923 /* flixUITests.m in Sources */,
			);
			runOnlyForDeploymentPostprocessing = 0;
		};
/* End PBXSourcesBuildPhase section */

/* Begin PBXTargetDependency section */
		56EF3FCD26838F5700F54923 /* PBXTargetDependency */ = {
			isa = PBXTargetDependency;
			target = 56EF3FAF26838F5600F54923 /* flix */;
			targetProxy = 56EF3FCC26838F5700F54923 /* PBXContainerItemProxy */;
		};
		56EF3FD826838F5700F54923 /* PBXTargetDependency */ = {
			isa = PBXTargetDependency;
			target = 56EF3FAF26838F5600F54923 /* flix */;
			targetProxy = 56EF3FD726838F5700F54923 /* PBXContainerItemProxy */;
		};
/* End PBXTargetDependency section */

/* Begin PBXVariantGroup section */
		56EF3FBC26838F5600F54923 /* Main.storyboard */ = {
			isa = PBXVariantGroup;
			children = (
				56EF3FBD26838F5600F54923 /* Base */,
			);
			name = Main.storyboard;
			sourceTree = "<group>";
		};
		56EF3FC126838F5700F54923 /* LaunchScreen.storyboard */ = {
			isa = PBXVariantGroup;
			children = (
				56EF3FC226838F5700F54923 /* Base */,
			);
			name = LaunchScreen.storyboard;
			sourceTree = "<group>";
		};
/* End PBXVariantGroup section */

/* Begin XCBuildConfiguration section */
		56EF3FDD26838F5800F54923 /* Debug */ = {
			isa = XCBuildConfiguration;
			buildSettings = {
				ALWAYS_SEARCH_USER_PATHS = NO;
				CLANG_ANALYZER_NONNULL = YES;
				CLANG_ANALYZER_NUMBER_OBJECT_CONVERSION = YES_AGGRESSIVE;
				CLANG_CXX_LANGUAGE_STANDARD = "gnu++14";
				CLANG_CXX_LIBRARY = "libc++";
				CLANG_ENABLE_MODULES = YES;
				CLANG_ENABLE_OBJC_ARC = YES;
				CLANG_ENABLE_OBJC_WEAK = YES;
				CLANG_WARN_BLOCK_CAPTURE_AUTORELEASING = YES;
				CLANG_WARN_BOOL_CONVERSION = YES;
				CLANG_WARN_COMMA = YES;
				CLANG_WARN_CONSTANT_CONVERSION = YES;
				CLANG_WARN_DEPRECATED_OBJC_IMPLEMENTATIONS = YES;
				CLANG_WARN_DIRECT_OBJC_ISA_USAGE = YES_ERROR;
				CLANG_WARN_DOCUMENTATION_COMMENTS = YES;
				CLANG_WARN_EMPTY_BODY = YES;
				CLANG_WARN_ENUM_CONVERSION = YES;
				CLANG_WARN_INFINITE_RECURSION = YES;
				CLANG_WARN_INT_CONVERSION = YES;
				CLANG_WARN_NON_LITERAL_NULL_CONVERSION = YES;
				CLANG_WARN_OBJC_IMPLICIT_RETAIN_SELF = YES;
				CLANG_WARN_OBJC_LITERAL_CONVERSION = YES;
				CLANG_WARN_OBJC_ROOT_CLASS = YES_ERROR;
				CLANG_WARN_QUOTED_INCLUDE_IN_FRAMEWORK_HEADER = YES;
				CLANG_WARN_RANGE_LOOP_ANALYSIS = YES;
				CLANG_WARN_STRICT_PROTOTYPES = YES;
				CLANG_WARN_SUSPICIOUS_MOVE = YES;
				CLANG_WARN_UNGUARDED_AVAILABILITY = YES_AGGRESSIVE;
				CLANG_WARN_UNREACHABLE_CODE = YES;
				CLANG_WARN__DUPLICATE_METHOD_MATCH = YES;
				COPY_PHASE_STRIP = NO;
				DEBUG_INFORMATION_FORMAT = dwarf;
				ENABLE_STRICT_OBJC_MSGSEND = YES;
				ENABLE_TESTABILITY = YES;
				GCC_C_LANGUAGE_STANDARD = gnu11;
				GCC_DYNAMIC_NO_PIC = NO;
				GCC_NO_COMMON_BLOCKS = YES;
				GCC_OPTIMIZATION_LEVEL = 0;
				GCC_PREPROCESSOR_DEFINITIONS = (
					"DEBUG=1",
					"$(inherited)",
				);
				GCC_WARN_64_TO_32_BIT_CONVERSION = YES;
				GCC_WARN_ABOUT_RETURN_TYPE = YES_ERROR;
				GCC_WARN_UNDECLARED_SELECTOR = YES;
				GCC_WARN_UNINITIALIZED_AUTOS = YES_AGGRESSIVE;
				GCC_WARN_UNUSED_FUNCTION = YES;
				GCC_WARN_UNUSED_VARIABLE = YES;
				IPHONEOS_DEPLOYMENT_TARGET = 14.5;
				MTL_ENABLE_DEBUG_INFO = INCLUDE_SOURCE;
				MTL_FAST_MATH = YES;
				ONLY_ACTIVE_ARCH = YES;
				SDKROOT = iphoneos;
			};
			name = Debug;
		};
		56EF3FDE26838F5800F54923 /* Release */ = {
			isa = XCBuildConfiguration;
			buildSettings = {
				ALWAYS_SEARCH_USER_PATHS = NO;
				CLANG_ANALYZER_NONNULL = YES;
				CLANG_ANALYZER_NUMBER_OBJECT_CONVERSION = YES_AGGRESSIVE;
				CLANG_CXX_LANGUAGE_STANDARD = "gnu++14";
				CLANG_CXX_LIBRARY = "libc++";
				CLANG_ENABLE_MODULES = YES;
				CLANG_ENABLE_OBJC_ARC = YES;
				CLANG_ENABLE_OBJC_WEAK = YES;
				CLANG_WARN_BLOCK_CAPTURE_AUTORELEASING = YES;
				CLANG_WARN_BOOL_CONVERSION = YES;
				CLANG_WARN_COMMA = YES;
				CLANG_WARN_CONSTANT_CONVERSION = YES;
				CLANG_WARN_DEPRECATED_OBJC_IMPLEMENTATIONS = YES;
				CLANG_WARN_DIRECT_OBJC_ISA_USAGE = YES_ERROR;
				CLANG_WARN_DOCUMENTATION_COMMENTS = YES;
				CLANG_WARN_EMPTY_BODY = YES;
				CLANG_WARN_ENUM_CONVERSION = YES;
				CLANG_WARN_INFINITE_RECURSION = YES;
				CLANG_WARN_INT_CONVERSION = YES;
				CLANG_WARN_NON_LITERAL_NULL_CONVERSION = YES;
				CLANG_WARN_OBJC_IMPLICIT_RETAIN_SELF = YES;
				CLANG_WARN_OBJC_LITERAL_CONVERSION = YES;
				CLANG_WARN_OBJC_ROOT_CLASS = YES_ERROR;
				CLANG_WARN_QUOTED_INCLUDE_IN_FRAMEWORK_HEADER = YES;
				CLANG_WARN_RANGE_LOOP_ANALYSIS = YES;
				CLANG_WARN_STRICT_PROTOTYPES = YES;
				CLANG_WARN_SUSPICIOUS_MOVE = YES;
				CLANG_WARN_UNGUARDED_AVAILABILITY = YES_AGGRESSIVE;
				CLANG_WARN_UNREACHABLE_CODE = YES;
				CLANG_WARN__DUPLICATE_METHOD_MATCH = YES;
				COPY_PHASE_STRIP = NO;
				DEBUG_INFORMATION_FORMAT = "dwarf-with-dsym";
				ENABLE_NS_ASSERTIONS = NO;
				ENABLE_STRICT_OBJC_MSGSEND = YES;
				GCC_C_LANGUAGE_STANDARD = gnu11;
				GCC_NO_COMMON_BLOCKS = YES;
				GCC_WARN_64_TO_32_BIT_CONVERSION = YES;
				GCC_WARN_ABOUT_RETURN_TYPE = YES_ERROR;
				GCC_WARN_UNDECLARED_SELECTOR = YES;
				GCC_WARN_UNINITIALIZED_AUTOS = YES_AGGRESSIVE;
				GCC_WARN_UNUSED_FUNCTION = YES;
				GCC_WARN_UNUSED_VARIABLE = YES;
				IPHONEOS_DEPLOYMENT_TARGET = 14.5;
				MTL_ENABLE_DEBUG_INFO = NO;
				MTL_FAST_MATH = YES;
				SDKROOT = iphoneos;
				VALIDATE_PRODUCT = YES;
			};
			name = Release;
		};
		56EF3FE026838F5800F54923 /* Debug */ = {
			isa = XCBuildConfiguration;
			baseConfigurationReference = B26CCBFB3CEC10E11ED812A9 /* Pods-flix.debug.xcconfig */;
			buildSettings = {
				ASSETCATALOG_COMPILER_APPICON_NAME = AppIcon;
				ASSETCATALOG_COMPILER_GLOBAL_ACCENT_COLOR_NAME = AccentColor;
				CODE_SIGN_STYLE = Automatic;
				DEVELOPMENT_TEAM = JZW6QR35T8;
				INFOPLIST_FILE = flix/Info.plist;
				LD_RUNPATH_SEARCH_PATHS = (
					"$(inherited)",
					"@executable_path/Frameworks",
				);
				PRODUCT_BUNDLE_IDENTIFIER = com.stroudafk.flix;
				PRODUCT_NAME = "$(TARGET_NAME)";
				TARGETED_DEVICE_FAMILY = "1,2";
			};
			name = Debug;
		};
		56EF3FE126838F5800F54923 /* Release */ = {
			isa = XCBuildConfiguration;
			baseConfigurationReference = F642706F99EC1EC6978467BB /* Pods-flix.release.xcconfig */;
			buildSettings = {
				ASSETCATALOG_COMPILER_APPICON_NAME = AppIcon;
				ASSETCATALOG_COMPILER_GLOBAL_ACCENT_COLOR_NAME = AccentColor;
				CODE_SIGN_STYLE = Automatic;
				DEVELOPMENT_TEAM = JZW6QR35T8;
				INFOPLIST_FILE = flix/Info.plist;
				LD_RUNPATH_SEARCH_PATHS = (
					"$(inherited)",
					"@executable_path/Frameworks",
				);
				PRODUCT_BUNDLE_IDENTIFIER = com.stroudafk.flix;
				PRODUCT_NAME = "$(TARGET_NAME)";
				TARGETED_DEVICE_FAMILY = "1,2";
			};
			name = Release;
		};
		56EF3FE326838F5800F54923 /* Debug */ = {
			isa = XCBuildConfiguration;
			baseConfigurationReference = 582E39EB161AFD93383DE2E8 /* Pods-flixTests.debug.xcconfig */;
			buildSettings = {
				BUNDLE_LOADER = "$(TEST_HOST)";
				CODE_SIGN_STYLE = Automatic;
				DEVELOPMENT_TEAM = JZW6QR35T8;
				INFOPLIST_FILE = flixTests/Info.plist;
				IPHONEOS_DEPLOYMENT_TARGET = 14.5;
				LD_RUNPATH_SEARCH_PATHS = (
					"$(inherited)",
					"@executable_path/Frameworks",
					"@loader_path/Frameworks",
				);
				PRODUCT_BUNDLE_IDENTIFIER = com.stroudafk.flixTests;
				PRODUCT_NAME = "$(TARGET_NAME)";
				TARGETED_DEVICE_FAMILY = "1,2";
				TEST_HOST = "$(BUILT_PRODUCTS_DIR)/flix.app/flix";
			};
			name = Debug;
		};
		56EF3FE426838F5800F54923 /* Release */ = {
			isa = XCBuildConfiguration;
			baseConfigurationReference = 0BBA62DE46E8AC2C7A6BEFDC /* Pods-flixTests.release.xcconfig */;
			buildSettings = {
				BUNDLE_LOADER = "$(TEST_HOST)";
				CODE_SIGN_STYLE = Automatic;
				DEVELOPMENT_TEAM = JZW6QR35T8;
				INFOPLIST_FILE = flixTests/Info.plist;
				IPHONEOS_DEPLOYMENT_TARGET = 14.5;
				LD_RUNPATH_SEARCH_PATHS = (
					"$(inherited)",
					"@executable_path/Frameworks",
					"@loader_path/Frameworks",
				);
				PRODUCT_BUNDLE_IDENTIFIER = com.stroudafk.flixTests;
				PRODUCT_NAME = "$(TARGET_NAME)";
				TARGETED_DEVICE_FAMILY = "1,2";
				TEST_HOST = "$(BUILT_PRODUCTS_DIR)/flix.app/flix";
			};
			name = Release;
		};
		56EF3FE626838F5800F54923 /* Debug */ = {
			isa = XCBuildConfiguration;
			baseConfigurationReference = 0C7EC484023FABAF87ADD9AA /* Pods-flix-flixUITests.debug.xcconfig */;
			buildSettings = {
				CODE_SIGN_STYLE = Automatic;
				DEVELOPMENT_TEAM = JZW6QR35T8;
				INFOPLIST_FILE = flixUITests/Info.plist;
				LD_RUNPATH_SEARCH_PATHS = (
					"$(inherited)",
					"@executable_path/Frameworks",
					"@loader_path/Frameworks",
				);
				PRODUCT_BUNDLE_IDENTIFIER = com.stroudafk.flixUITests;
				PRODUCT_NAME = "$(TARGET_NAME)";
				TARGETED_DEVICE_FAMILY = "1,2";
				TEST_TARGET_NAME = flix;
			};
			name = Debug;
		};
		56EF3FE726838F5800F54923 /* Release */ = {
			isa = XCBuildConfiguration;
			baseConfigurationReference = 28A840A28D194DD43AB3C40B /* Pods-flix-flixUITests.release.xcconfig */;
			buildSettings = {
				CODE_SIGN_STYLE = Automatic;
				DEVELOPMENT_TEAM = JZW6QR35T8;
				INFOPLIST_FILE = flixUITests/Info.plist;
				LD_RUNPATH_SEARCH_PATHS = (
					"$(inherited)",
					"@executable_path/Frameworks",
					"@loader_path/Frameworks",
				);
				PRODUCT_BUNDLE_IDENTIFIER = com.stroudafk.flixUITests;
				PRODUCT_NAME = "$(TARGET_NAME)";
				TARGETED_DEVICE_FAMILY = "1,2";
				TEST_TARGET_NAME = flix;
			};
			name = Release;
		};
/* End XCBuildConfiguration section */

/* Begin XCConfigurationList section */
		56EF3FAB26838F5600F54923 /* Build configuration list for PBXProject "flix" */ = {
			isa = XCConfigurationList;
			buildConfigurations = (
				56EF3FDD26838F5800F54923 /* Debug */,
				56EF3FDE26838F5800F54923 /* Release */,
			);
			defaultConfigurationIsVisible = 0;
			defaultConfigurationName = Release;
		};
		56EF3FDF26838F5800F54923 /* Build configuration list for PBXNativeTarget "flix" */ = {
			isa = XCConfigurationList;
			buildConfigurations = (
				56EF3FE026838F5800F54923 /* Debug */,
				56EF3FE126838F5800F54923 /* Release */,
			);
			defaultConfigurationIsVisible = 0;
			defaultConfigurationName = Release;
		};
		56EF3FE226838F5800F54923 /* Build configuration list for PBXNativeTarget "flixTests" */ = {
			isa = XCConfigurationList;
			buildConfigurations = (
				56EF3FE326838F5800F54923 /* Debug */,
				56EF3FE426838F5800F54923 /* Release */,
			);
			defaultConfigurationIsVisible = 0;
			defaultConfigurationName = Release;
		};
		56EF3FE526838F5800F54923 /* Build configuration list for PBXNativeTarget "flixUITests" */ = {
			isa = XCConfigurationList;
			buildConfigurations = (
				56EF3FE626838F5800F54923 /* Debug */,
				56EF3FE726838F5800F54923 /* Release */,
			);
			defaultConfigurationIsVisible = 0;
			defaultConfigurationName = Release;
		};
/* End XCConfigurationList section */
	};
	rootObject = 56EF3FA826838F5600F54923 /* Project object */;
}
